{
  "object": {
    "pins": [
      {
        "package": "SwiftImageReadWrite",
        "repositoryURL": "https://github.com/dagronf/SwiftImageReadWrite",
        "state": {
          "branch": null,
          "revision": "3dce5e1a82733d31e5deceec605294346c8d116c",
          "version": "1.7.0"
        }
      }
    ]
  },
  "version": 1
}
