{
  "object": {
    "pins": [
      {
        "package": "SwiftImageReadWrite",
        "repositoryURL": "https://github.com/dagronf/SwiftImageReadWrite",
        "state": {
          "branch": null,
          "revision": "baef445b552f418e50cd4180bb1c7aa11a6ded6e",
          "version": "1.8.0"
        }
      }
    ]
  },
  "version": 1
}
